
Microsoft Visual Studio Solution File, Format Version 12.00
# Visual Studio Version 17
VisualStudioVersion = 17.0.32014.148
MinimumVisualStudioVersion = 10.0.40219.1
Project("{9A19103F-16F7-4668-BE54-9A1E7A4F7556}") = "CLIReader", "CLIReader\CLIReader.csproj", "{3D15C55A-5B66-4E52-B2BE-0965842C652D}"
EndProject
Global
	GlobalSection(SolutionConfigurationPlatforms) = preSolution
		Debug|Any CPU = Debug|Any CPU
		Release|Any CPU = Release|Any CPU
	EndGlobalSection
	GlobalSection(ProjectConfigurationPlatforms) = postSolution
		{3D15C55A-5B66-4E52-B2BE-0965842C652D}.Debug|Any CPU.ActiveCfg = Debug|Any CPU
		{3D15C55A-5B66-4E52-B2BE-0965842C652D}.Debug|Any CPU.Build.0 = Debug|Any CPU
		{3D15C55A-5B66-4E52-B2BE-0965842C652D}.Release|Any CPU.ActiveCfg = Release|Any CPU
		{3D15C55A-5B66-4E52-B2BE-0965842C652D}.Release|Any CPU.Build.0 = Release|Any CPU
	EndGlobalSection
	GlobalSection(SolutionProperties) = preSolution
		HideSolutionNode = FALSE
	EndGlobalSection
	GlobalSection(ExtensibilityGlobals) = postSolution
		SolutionGuid = {45940ADA-0335-420F-9A27-846A683A629E}
	EndGlobalSection
EndGlobal
